
Microsoft Visual Studio Solution File, Format Version 12.00
# Visual Studio 14
VisualStudioVersion = 14.0.25420.1
MinimumVisualStudioVersion = 10.0.40219.1
Project("{FAE04EC0-301F-11D3-BF4B-00C04F79EFBC}") = "Joole_ZMVC", "Joole\Joole_ZMVC.csproj", "{6AA87349-E0B0-4055-8F92-1060D1A68F56}"
EndProject
Project("{FAE04EC0-301F-11D3-BF4B-00C04F79EFBC}") = "Joole_DAL", "JooleDAL\Joole_DAL.csproj", "{64FE58A8-234E-4996-B0DE-5C6F54F00C12}"
EndProject
Project("{FAE04EC0-301F-11D3-BF4B-00C04F79EFBC}") = "Joole_Repository", "Joole_Repository\Joole_Repository.csproj", "{098DE7DD-3165-44E6-8020-749EF17A8B72}"
EndProject
Project("{FAE04EC0-301F-11D3-BF4B-00C04F79EFBC}") = "Joole_Service", "Joole_Service\Joole_Service.csproj", "{FC094EE8-91E7-4F00-BEC6-7BA479E6E3C0}"
EndProject
Global
	GlobalSection(SolutionConfigurationPlatforms) = preSolution
		Debug|Any CPU = Debug|Any CPU
		Release|Any CPU = Release|Any CPU
	EndGlobalSection
	GlobalSection(ProjectConfigurationPlatforms) = postSolution
		{6AA87349-E0B0-4055-8F92-1060D1A68F56}.Debug|Any CPU.ActiveCfg = Debug|Any CPU
		{6AA87349-E0B0-4055-8F92-1060D1A68F56}.Debug|Any CPU.Build.0 = Debug|Any CPU
		{6AA87349-E0B0-4055-8F92-1060D1A68F56}.Release|Any CPU.ActiveCfg = Release|Any CPU
		{6AA87349-E0B0-4055-8F92-1060D1A68F56}.Release|Any CPU.Build.0 = Release|Any CPU
		{64FE58A8-234E-4996-B0DE-5C6F54F00C12}.Debug|Any CPU.ActiveCfg = Debug|Any CPU
		{64FE58A8-234E-4996-B0DE-5C6F54F00C12}.Debug|Any CPU.Build.0 = Debug|Any CPU
		{64FE58A8-234E-4996-B0DE-5C6F54F00C12}.Release|Any CPU.ActiveCfg = Release|Any CPU
		{64FE58A8-234E-4996-B0DE-5C6F54F00C12}.Release|Any CPU.Build.0 = Release|Any CPU
		{098DE7DD-3165-44E6-8020-749EF17A8B72}.Debug|Any CPU.ActiveCfg = Debug|Any CPU
		{098DE7DD-3165-44E6-8020-749EF17A8B72}.Debug|Any CPU.Build.0 = Debug|Any CPU
		{098DE7DD-3165-44E6-8020-749EF17A8B72}.Release|Any CPU.ActiveCfg = Release|Any CPU
		{098DE7DD-3165-44E6-8020-749EF17A8B72}.Release|Any CPU.Build.0 = Release|Any CPU
		{FC094EE8-91E7-4F00-BEC6-7BA479E6E3C0}.Debug|Any CPU.ActiveCfg = Debug|Any CPU
		{FC094EE8-91E7-4F00-BEC6-7BA479E6E3C0}.Debug|Any CPU.Build.0 = Debug|Any CPU
		{FC094EE8-91E7-4F00-BEC6-7BA479E6E3C0}.Release|Any CPU.ActiveCfg = Release|Any CPU
		{FC094EE8-91E7-4F00-BEC6-7BA479E6E3C0}.Release|Any CPU.Build.0 = Release|Any CPU
	EndGlobalSection
	GlobalSection(SolutionProperties) = preSolution
		HideSolutionNode = FALSE
	EndGlobalSection
EndGlobal
